// !$*UTF8*$!
{
	archiveVersion = 1;
	classes = {
	};
	objectVersion = 51;
	objects = {

/* Begin PBXBuildFile section */
		374CF15825AF21A200FC59D4 /* ViewController.swift in Sources */ = {isa = PBXBuildFile; fileRef = 374CF15725AF21A200FC59D4 /* ViewController.swift */; };
		374CF15B25AF21A200FC59D4 /* Main.storyboard in Resources */ = {isa = PBXBuildFile; fileRef = 374CF15925AF21A200FC59D4 /* Main.storyboard */; };
		374CF15D25AF21A300FC59D4 /* Assets.xcassets in Resources */ = {isa = PBXBuildFile; fileRef = 374CF15C25AF21A300FC59D4 /* Assets.xcassets */; };
		374CF16025AF21A300FC59D4 /* LaunchScreen.storyboard in Resources */ = {isa = PBXBuildFile; fileRef = 374CF15E25AF21A300FC59D4 /* LaunchScreen.storyboard */; };
		374CF16B25AF21A300FC59D4 /* BUDDHA4Tests.swift in Sources */ = {isa = PBXBuildFile; fileRef = 374CF16A25AF21A300FC59D4 /* BUDDHA4Tests.swift */; };
		374CF17625AF21A300FC59D4 /* BUDDHA4UITests.swift in Sources */ = {isa = PBXBuildFile; fileRef = 374CF17525AF21A300FC59D4 /* BUDDHA4UITests.swift */; };
		377DDFE225AF25CE00DDF324 /* DetailViewController.swift in Sources */ = {isa = PBXBuildFile; fileRef = 377DDFC625AF25AE00DDF324 /* DetailViewController.swift */; };
		377DDFE325AF25CE00DDF324 /* MainChartsView.swift in Sources */ = {isa = PBXBuildFile; fileRef = 377DDFC725AF25AF00DDF324 /* MainChartsView.swift */; };
		377DDFE425AF25CE00DDF324 /* SeparateViewController1.swift in Sources */ = {isa = PBXBuildFile; fileRef = 377DDFC825AF25B000DDF324 /* SeparateViewController1.swift */; };
		377DDFE525AF25CE00DDF324 /* TimelineViewController.swift in Sources */ = {isa = PBXBuildFile; fileRef = 377DDFC925AF25B100DDF324 /* TimelineViewController.swift */; };
		377DDFE625AF25CE00DDF324 /* ChoiceCollectionViewController.swift in Sources */ = {isa = PBXBuildFile; fileRef = 377DDFCA25AF25B300DDF324 /* ChoiceCollectionViewController.swift */; };
		377DDFE825AF25CE00DDF324 /* AppUser.swift in Sources */ = {isa = PBXBuildFile; fileRef = 377DDFCC25AF25B500DDF324 /* AppUser.swift */; };
		377DDFEB25AF25CE00DDF324 /* SceneDelegate.swift in Sources */ = {isa = PBXBuildFile; fileRef = 377DDFCF25AF25B900DDF324 /* SceneDelegate.swift */; };
		377DDFEC25AF25CE00DDF324 /* AccountViewController.swift in Sources */ = {isa = PBXBuildFile; fileRef = 377DDFD025AF25BA00DDF324 /* AccountViewController.swift */; };
		377DDFED25AF25CE00DDF324 /* HelpViewController.swift in Sources */ = {isa = PBXBuildFile; fileRef = 377DDFD125AF25BB00DDF324 /* HelpViewController.swift */; };
		377DDFEE25AF25CE00DDF324 /* PersonViewController.swift in Sources */ = {isa = PBXBuildFile; fileRef = 377DDFD225AF25BC00DDF324 /* PersonViewController.swift */; };
		377DDFEF25AF25CE00DDF324 /* WayViewController.swift in Sources */ = {isa = PBXBuildFile; fileRef = 377DDFD325AF25BE00DDF324 /* WayViewController.swift */; };
		377DDFF025AF25CE00DDF324 /* MyNavigationViewController.swift in Sources */ = {isa = PBXBuildFile; fileRef = 377DDFD425AF25BF00DDF324 /* MyNavigationViewController.swift */; };
		377DDFF125AF25CE00DDF324 /* Choice.swift in Sources */ = {isa = PBXBuildFile; fileRef = 377DDFD525AF25C000DDF324 /* Choice.swift */; };
		377DDFF325AF25CE00DDF324 /* GoogleService-Info.plist in Resources */ = {isa = PBXBuildFile; fileRef = 377DDFD725AF25C200DDF324 /* GoogleService-Info.plist */; };
		377DDFF525AF25CE00DDF324 /* ChartsViewController.swift in Sources */ = {isa = PBXBuildFile; fileRef = 377DDFD925AF25C400DDF324 /* ChartsViewController.swift */; };
		377DDFF725AF25CE00DDF324 /* AppDelegate.swift in Sources */ = {isa = PBXBuildFile; fileRef = 377DDFDB25AF25C700DDF324 /* AppDelegate.swift */; };
		377DDFF825AF25CE00DDF324 /* ChoiceViewController.swift in Sources */ = {isa = PBXBuildFile; fileRef = 377DDFDC25AF25C800DDF324 /* ChoiceViewController.swift */; };
		377DDFF925AF25CE00DDF324 /* Post.swift in Sources */ = {isa = PBXBuildFile; fileRef = 377DDFDD25AF25C900DDF324 /* Post.swift */; };
		377DDFFA25AF25CE00DDF324 /* AddViewController.swift in Sources */ = {isa = PBXBuildFile; fileRef = 377DDFDE25AF25CA00DDF324 /* AddViewController.swift */; };
		377DDFFD25AF25CE00DDF324 /* CollectionViewCell.swift in Sources */ = {isa = PBXBuildFile; fileRef = 377DDFE125AF25CE00DDF324 /* CollectionViewCell.swift */; };
		F859E63181266465BE0BA39B /* Pods_BUDDHA4.framework in Frameworks */ = {isa = PBXBuildFile; fileRef = 7FF02830EB192B4AFCB2740B /* Pods_BUDDHA4.framework */; };
/* End PBXBuildFile section */

/* Begin PBXContainerItemProxy section */
		374CF16725AF21A300FC59D4 /* PBXContainerItemProxy */ = {
			isa = PBXContainerItemProxy;
			containerPortal = 374CF14825AF21A100FC59D4 /* Project object */;
			proxyType = 1;
			remoteGlobalIDString = 374CF14F25AF21A200FC59D4;
			remoteInfo = BUDDHA4;
		};
		374CF17225AF21A300FC59D4 /* PBXContainerItemProxy */ = {
			isa = PBXContainerItemProxy;
			containerPortal = 374CF14825AF21A100FC59D4 /* Project object */;
			proxyType = 1;
			remoteGlobalIDString = 374CF14F25AF21A200FC59D4;
			remoteInfo = BUDDHA4;
		};
/* End PBXContainerItemProxy section */

/* Begin PBXFileReference section */
		05FD703EFE2318DCA385FF7B /* Pods-BUDDHA4.debug.xcconfig */ = {isa = PBXFileReference; includeInIndex = 1; lastKnownFileType = text.xcconfig; name = "Pods-BUDDHA4.debug.xcconfig"; path = "Target Support Files/Pods-BUDDHA4/Pods-BUDDHA4.debug.xcconfig"; sourceTree = "<group>"; };
		374CF15025AF21A200FC59D4 /* BUDDHA4.app */ = {isa = PBXFileReference; explicitFileType = wrapper.application; includeInIndex = 0; path = BUDDHA4.app; sourceTree = BUILT_PRODUCTS_DIR; };
		374CF15725AF21A200FC59D4 /* ViewController.swift */ = {isa = PBXFileReference; lastKnownFileType = sourcecode.swift; path = ViewController.swift; sourceTree = "<group>"; };
		374CF15A25AF21A200FC59D4 /* Base */ = {isa = PBXFileReference; lastKnownFileType = file.storyboard; name = Base; path = Base.lproj/Main.storyboard; sourceTree = "<group>"; };
		374CF15C25AF21A300FC59D4 /* Assets.xcassets */ = {isa = PBXFileReference; lastKnownFileType = folder.assetcatalog; path = Assets.xcassets; sourceTree = "<group>"; };
		374CF15F25AF21A300FC59D4 /* Base */ = {isa = PBXFileReference; lastKnownFileType = file.storyboard; name = Base; path = Base.lproj/LaunchScreen.storyboard; sourceTree = "<group>"; };
		374CF16125AF21A300FC59D4 /* Info.plist */ = {isa = PBXFileReference; lastKnownFileType = text.plist.xml; path = Info.plist; sourceTree = "<group>"; };
		374CF16625AF21A300FC59D4 /* BUDDHA4Tests.xctest */ = {isa = PBXFileReference; explicitFileType = wrapper.cfbundle; includeInIndex = 0; path = BUDDHA4Tests.xctest; sourceTree = BUILT_PRODUCTS_DIR; };
		374CF16A25AF21A300FC59D4 /* BUDDHA4Tests.swift */ = {isa = PBXFileReference; lastKnownFileType = sourcecode.swift; path = BUDDHA4Tests.swift; sourceTree = "<group>"; };
		374CF16C25AF21A300FC59D4 /* Info.plist */ = {isa = PBXFileReference; lastKnownFileType = text.plist.xml; path = Info.plist; sourceTree = "<group>"; };
		374CF17125AF21A300FC59D4 /* BUDDHA4UITests.xctest */ = {isa = PBXFileReference; explicitFileType = wrapper.cfbundle; includeInIndex = 0; path = BUDDHA4UITests.xctest; sourceTree = BUILT_PRODUCTS_DIR; };
		374CF17525AF21A300FC59D4 /* BUDDHA4UITests.swift */ = {isa = PBXFileReference; lastKnownFileType = sourcecode.swift; path = BUDDHA4UITests.swift; sourceTree = "<group>"; };
		374CF17725AF21A300FC59D4 /* Info.plist */ = {isa = PBXFileReference; lastKnownFileType = text.plist.xml; path = Info.plist; sourceTree = "<group>"; };
		377DDFC625AF25AE00DDF324 /* DetailViewController.swift */ = {isa = PBXFileReference; fileEncoding = 4; lastKnownFileType = sourcecode.swift; path = DetailViewController.swift; sourceTree = "<group>"; };
		377DDFC725AF25AF00DDF324 /* MainChartsView.swift */ = {isa = PBXFileReference; fileEncoding = 4; lastKnownFileType = sourcecode.swift; path = MainChartsView.swift; sourceTree = "<group>"; };
		377DDFC825AF25B000DDF324 /* SeparateViewController1.swift */ = {isa = PBXFileReference; fileEncoding = 4; lastKnownFileType = sourcecode.swift; path = SeparateViewController1.swift; sourceTree = "<group>"; };
		377DDFC925AF25B100DDF324 /* TimelineViewController.swift */ = {isa = PBXFileReference; fileEncoding = 4; lastKnownFileType = sourcecode.swift; path = TimelineViewController.swift; sourceTree = "<group>"; };
		377DDFCA25AF25B300DDF324 /* ChoiceCollectionViewController.swift */ = {isa = PBXFileReference; fileEncoding = 4; lastKnownFileType = sourcecode.swift; path = ChoiceCollectionViewController.swift; sourceTree = "<group>"; };
		377DDFCC25AF25B500DDF324 /* AppUser.swift */ = {isa = PBXFileReference; fileEncoding = 4; lastKnownFileType = sourcecode.swift; path = AppUser.swift; sourceTree = "<group>"; };
		377DDFCF25AF25B900DDF324 /* SceneDelegate.swift */ = {isa = PBXFileReference; fileEncoding = 4; lastKnownFileType = sourcecode.swift; path = SceneDelegate.swift; sourceTree = "<group>"; };
		377DDFD025AF25BA00DDF324 /* AccountViewController.swift */ = {isa = PBXFileReference; fileEncoding = 4; lastKnownFileType = sourcecode.swift; path = AccountViewController.swift; sourceTree = "<group>"; };
		377DDFD125AF25BB00DDF324 /* HelpViewController.swift */ = {isa = PBXFileReference; fileEncoding = 4; lastKnownFileType = sourcecode.swift; path = HelpViewController.swift; sourceTree = "<group>"; };
		377DDFD225AF25BC00DDF324 /* PersonViewController.swift */ = {isa = PBXFileReference; fileEncoding = 4; lastKnownFileType = sourcecode.swift; path = PersonViewController.swift; sourceTree = "<group>"; };
		377DDFD325AF25BE00DDF324 /* WayViewController.swift */ = {isa = PBXFileReference; fileEncoding = 4; lastKnownFileType = sourcecode.swift; path = WayViewController.swift; sourceTree = "<group>"; };
		377DDFD425AF25BF00DDF324 /* MyNavigationViewController.swift */ = {isa = PBXFileReference; fileEncoding = 4; lastKnownFileType = sourcecode.swift; path = MyNavigationViewController.swift; sourceTree = "<group>"; };
		377DDFD525AF25C000DDF324 /* Choice.swift */ = {isa = PBXFileReference; fileEncoding = 4; lastKnownFileType = sourcecode.swift; path = Choice.swift; sourceTree = "<group>"; };
		377DDFD725AF25C200DDF324 /* GoogleService-Info.plist */ = {isa = PBXFileReference; fileEncoding = 4; lastKnownFileType = text.plist.xml; path = "GoogleService-Info.plist"; sourceTree = "<group>"; };
		377DDFD925AF25C400DDF324 /* ChartsViewController.swift */ = {isa = PBXFileReference; fileEncoding = 4; lastKnownFileType = sourcecode.swift; path = ChartsViewController.swift; sourceTree = "<group>"; };
		377DDFDB25AF25C700DDF324 /* AppDelegate.swift */ = {isa = PBXFileReference; fileEncoding = 4; lastKnownFileType = sourcecode.swift; path = AppDelegate.swift; sourceTree = "<group>"; };
		377DDFDC25AF25C800DDF324 /* ChoiceViewController.swift */ = {isa = PBXFileReference; fileEncoding = 4; lastKnownFileType = sourcecode.swift; path = ChoiceViewController.swift; sourceTree = "<group>"; };
		377DDFDD25AF25C900DDF324 /* Post.swift */ = {isa = PBXFileReference; fileEncoding = 4; lastKnownFileType = sourcecode.swift; path = Post.swift; sourceTree = "<group>"; };
		377DDFDE25AF25CA00DDF324 /* AddViewController.swift */ = {isa = PBXFileReference; fileEncoding = 4; lastKnownFileType = sourcecode.swift; path = AddViewController.swift; sourceTree = "<group>"; };
		377DDFE125AF25CE00DDF324 /* CollectionViewCell.swift */ = {isa = PBXFileReference; fileEncoding = 4; lastKnownFileType = sourcecode.swift; path = CollectionViewCell.swift; sourceTree = "<group>"; };
		6750560544ABAB737DDDAC2A /* Pods-BUDDHA4.release.xcconfig */ = {isa = PBXFileReference; includeInIndex = 1; lastKnownFileType = text.xcconfig; name = "Pods-BUDDHA4.release.xcconfig"; path = "Target Support Files/Pods-BUDDHA4/Pods-BUDDHA4.release.xcconfig"; sourceTree = "<group>"; };
		7FF02830EB192B4AFCB2740B /* Pods_BUDDHA4.framework */ = {isa = PBXFileReference; explicitFileType = wrapper.framework; includeInIndex = 0; path = Pods_BUDDHA4.framework; sourceTree = BUILT_PRODUCTS_DIR; };
/* End PBXFileReference section */

/* Begin PBXFrameworksBuildPhase section */
		374CF14D25AF21A200FC59D4 /* Frameworks */ = {
			isa = PBXFrameworksBuildPhase;
			buildActionMask = 2147483647;
			files = (
				F859E63181266465BE0BA39B /* Pods_BUDDHA4.framework in Frameworks */,
			);
			runOnlyForDeploymentPostprocessing = 0;
		};
		374CF16325AF21A300FC59D4 /* Frameworks */ = {
			isa = PBXFrameworksBuildPhase;
			buildActionMask = 2147483647;
			files = (
			);
			runOnlyForDeploymentPostprocessing = 0;
		};
		374CF16E25AF21A300FC59D4 /* Frameworks */ = {
			isa = PBXFrameworksBuildPhase;
			buildActionMask = 2147483647;
			files = (
			);
			runOnlyForDeploymentPostprocessing = 0;
		};
/* End PBXFrameworksBuildPhase section */

/* Begin PBXGroup section */
		32F65665B00BDB82DA867B85 /* Frameworks */ = {
			isa = PBXGroup;
			children = (
				7FF02830EB192B4AFCB2740B /* Pods_BUDDHA4.framework */,
			);
			name = Frameworks;
			sourceTree = "<group>";
		};
		3370885A48D39DC253A283A0 /* Pods */ = {
			isa = PBXGroup;
			children = (
				05FD703EFE2318DCA385FF7B /* Pods-BUDDHA4.debug.xcconfig */,
				6750560544ABAB737DDDAC2A /* Pods-BUDDHA4.release.xcconfig */,
			);
			path = Pods;
			sourceTree = "<group>";
		};
		374CF14725AF21A100FC59D4 = {
			isa = PBXGroup;
			children = (
				374CF15225AF21A200FC59D4 /* BUDDHA4 */,
				374CF16925AF21A300FC59D4 /* BUDDHA4Tests */,
				374CF17425AF21A300FC59D4 /* BUDDHA4UITests */,
				374CF15125AF21A200FC59D4 /* Products */,
				3370885A48D39DC253A283A0 /* Pods */,
				32F65665B00BDB82DA867B85 /* Frameworks */,
			);
			sourceTree = "<group>";
		};
		374CF15125AF21A200FC59D4 /* Products */ = {
			isa = PBXGroup;
			children = (
				374CF15025AF21A200FC59D4 /* BUDDHA4.app */,
				374CF16625AF21A300FC59D4 /* BUDDHA4Tests.xctest */,
				374CF17125AF21A300FC59D4 /* BUDDHA4UITests.xctest */,
			);
			name = Products;
			sourceTree = "<group>";
		};
		374CF15225AF21A200FC59D4 /* BUDDHA4 */ = {
			isa = PBXGroup;
			children = (
				374CF15925AF21A200FC59D4 /* Main.storyboard */,
				374CF15725AF21A200FC59D4 /* ViewController.swift */,
				377DDFD025AF25BA00DDF324 /* AccountViewController.swift */,
				377DDFDE25AF25CA00DDF324 /* AddViewController.swift */,
				377DDFDB25AF25C700DDF324 /* AppDelegate.swift */,
				377DDFCC25AF25B500DDF324 /* AppUser.swift */,
				377DDFD925AF25C400DDF324 /* ChartsViewController.swift */,
				377DDFD525AF25C000DDF324 /* Choice.swift */,
				377DDFCA25AF25B300DDF324 /* ChoiceCollectionViewController.swift */,
				377DDFDC25AF25C800DDF324 /* ChoiceViewController.swift */,
				377DDFE125AF25CE00DDF324 /* CollectionViewCell.swift */,
				377DDFC625AF25AE00DDF324 /* DetailViewController.swift */,
				377DDFD725AF25C200DDF324 /* GoogleService-Info.plist */,
				377DDFD125AF25BB00DDF324 /* HelpViewController.swift */,
				377DDFC725AF25AF00DDF324 /* MainChartsView.swift */,
				377DDFD425AF25BF00DDF324 /* MyNavigationViewController.swift */,
				377DDFD225AF25BC00DDF324 /* PersonViewController.swift */,
				377DDFDD25AF25C900DDF324 /* Post.swift */,
				377DDFCF25AF25B900DDF324 /* SceneDelegate.swift */,
				377DDFC825AF25B000DDF324 /* SeparateViewController1.swift */,
				377DDFC925AF25B100DDF324 /* TimelineViewController.swift */,
				377DDFD325AF25BE00DDF324 /* WayViewController.swift */,
				374CF15C25AF21A300FC59D4 /* Assets.xcassets */,
				374CF15E25AF21A300FC59D4 /* LaunchScreen.storyboard */,
				374CF16125AF21A300FC59D4 /* Info.plist */,
			);
			path = BUDDHA4;
			sourceTree = "<group>";
		};
		374CF16925AF21A300FC59D4 /* BUDDHA4Tests */ = {
			isa = PBXGroup;
			children = (
				374CF16A25AF21A300FC59D4 /* BUDDHA4Tests.swift */,
				374CF16C25AF21A300FC59D4 /* Info.plist */,
			);
			path = BUDDHA4Tests;
			sourceTree = "<group>";
		};
		374CF17425AF21A300FC59D4 /* BUDDHA4UITests */ = {
			isa = PBXGroup;
			children = (
				374CF17525AF21A300FC59D4 /* BUDDHA4UITests.swift */,
				374CF17725AF21A300FC59D4 /* Info.plist */,
			);
			path = BUDDHA4UITests;
			sourceTree = "<group>";
		};
/* End PBXGroup section */

/* Begin PBXNativeTarget section */
		374CF14F25AF21A200FC59D4 /* BUDDHA4 */ = {
			isa = PBXNativeTarget;
			buildConfigurationList = 374CF17A25AF21A300FC59D4 /* Build configuration list for PBXNativeTarget "BUDDHA4" */;
			buildPhases = (
				E34636739D74B01432C8D5D0 /* [CP] Check Pods Manifest.lock */,
				374CF14C25AF21A200FC59D4 /* Sources */,
				374CF14D25AF21A200FC59D4 /* Frameworks */,
				374CF14E25AF21A200FC59D4 /* Resources */,
				0AE76AD8CD756F4ABC18077B /* [CP] Embed Pods Frameworks */,
			);
			buildRules = (
			);
			dependencies = (
			);
			name = BUDDHA4;
			productName = BUDDHA4;
			productReference = 374CF15025AF21A200FC59D4 /* BUDDHA4.app */;
			productType = "com.apple.product-type.application";
		};
		374CF16525AF21A300FC59D4 /* BUDDHA4Tests */ = {
			isa = PBXNativeTarget;
			buildConfigurationList = 374CF17D25AF21A300FC59D4 /* Build configuration list for PBXNativeTarget "BUDDHA4Tests" */;
			buildPhases = (
				374CF16225AF21A300FC59D4 /* Sources */,
				374CF16325AF21A300FC59D4 /* Frameworks */,
				374CF16425AF21A300FC59D4 /* Resources */,
			);
			buildRules = (
			);
			dependencies = (
				374CF16825AF21A300FC59D4 /* PBXTargetDependency */,
			);
			name = BUDDHA4Tests;
			productName = BUDDHA4Tests;
			productReference = 374CF16625AF21A300FC59D4 /* BUDDHA4Tests.xctest */;
			productType = "com.apple.product-type.bundle.unit-test";
		};
		374CF17025AF21A300FC59D4 /* BUDDHA4UITests */ = {
			isa = PBXNativeTarget;
			buildConfigurationList = 374CF18025AF21A300FC59D4 /* Build configuration list for PBXNativeTarget "BUDDHA4UITests" */;
			buildPhases = (
				374CF16D25AF21A300FC59D4 /* Sources */,
				374CF16E25AF21A300FC59D4 /* Frameworks */,
				374CF16F25AF21A300FC59D4 /* Resources */,
			);
			buildRules = (
			);
			dependencies = (
				374CF17325AF21A300FC59D4 /* PBXTargetDependency */,
			);
			name = BUDDHA4UITests;
			productName = BUDDHA4UITests;
			productReference = 374CF17125AF21A300FC59D4 /* BUDDHA4UITests.xctest */;
			productType = "com.apple.product-type.bundle.ui-testing";
		};
/* End PBXNativeTarget section */

/* Begin PBXProject section */
		374CF14825AF21A100FC59D4 /* Project object */ = {
			isa = PBXProject;
			attributes = {
				LastSwiftUpdateCheck = 1230;
				LastUpgradeCheck = 1230;
				TargetAttributes = {
					374CF14F25AF21A200FC59D4 = {
						CreatedOnToolsVersion = 12.3;
					};
					374CF16525AF21A300FC59D4 = {
						CreatedOnToolsVersion = 12.3;
						TestTargetID = 374CF14F25AF21A200FC59D4;
					};
					374CF17025AF21A300FC59D4 = {
						CreatedOnToolsVersion = 12.3;
						TestTargetID = 374CF14F25AF21A200FC59D4;
					};
				};
			};
			buildConfigurationList = 374CF14B25AF21A100FC59D4 /* Build configuration list for PBXProject "BUDDHA4" */;
			compatibilityVersion = "Xcode 9.3";
			developmentRegion = en;
			hasScannedForEncodings = 0;
			knownRegions = (
				en,
				Base,
			);
			mainGroup = 374CF14725AF21A100FC59D4;
			productRefGroup = 374CF15125AF21A200FC59D4 /* Products */;
			projectDirPath = "";
			projectRoot = "";
			targets = (
				374CF14F25AF21A200FC59D4 /* BUDDHA4 */,
				374CF16525AF21A300FC59D4 /* BUDDHA4Tests */,
				374CF17025AF21A300FC59D4 /* BUDDHA4UITests */,
			);
		};
/* End PBXProject section */

/* Begin PBXResourcesBuildPhase section */
		374CF14E25AF21A200FC59D4 /* Resources */ = {
			isa = PBXResourcesBuildPhase;
			buildActionMask = 2147483647;
			files = (
				374CF16025AF21A300FC59D4 /* LaunchScreen.storyboard in Resources */,
				377DDFF325AF25CE00DDF324 /* GoogleService-Info.plist in Resources */,
				374CF15D25AF21A300FC59D4 /* Assets.xcassets in Resources */,
				374CF15B25AF21A200FC59D4 /* Main.storyboard in Resources */,
			);
			runOnlyForDeploymentPostprocessing = 0;
		};
		374CF16425AF21A300FC59D4 /* Resources */ = {
			isa = PBXResourcesBuildPhase;
			buildActionMask = 2147483647;
			files = (
			);
			runOnlyForDeploymentPostprocessing = 0;
		};
		374CF16F25AF21A300FC59D4 /* Resources */ = {
			isa = PBXResourcesBuildPhase;
			buildActionMask = 2147483647;
			files = (
			);
			runOnlyForDeploymentPostprocessing = 0;
		};
/* End PBXResourcesBuildPhase section */

/* Begin PBXShellScriptBuildPhase section */
		0AE76AD8CD756F4ABC18077B /* [CP] Embed Pods Frameworks */ = {
			isa = PBXShellScriptBuildPhase;
			buildActionMask = 2147483647;
			files = (
			);
			inputFileListPaths = (
				"${PODS_ROOT}/Target Support Files/Pods-BUDDHA4/Pods-BUDDHA4-frameworks-${CONFIGURATION}-input-files.xcfilelist",
			);
			name = "[CP] Embed Pods Frameworks";
			outputFileListPaths = (
				"${PODS_ROOT}/Target Support Files/Pods-BUDDHA4/Pods-BUDDHA4-frameworks-${CONFIGURATION}-output-files.xcfilelist",
			);
			runOnlyForDeploymentPostprocessing = 0;
			shellPath = /bin/sh;
			shellScript = "\"${PODS_ROOT}/Target Support Files/Pods-BUDDHA4/Pods-BUDDHA4-frameworks.sh\"\n";
			showEnvVarsInLog = 0;
		};
		E34636739D74B01432C8D5D0 /* [CP] Check Pods Manifest.lock */ = {
			isa = PBXShellScriptBuildPhase;
			buildActionMask = 2147483647;
			files = (
			);
			inputFileListPaths = (
			);
			inputPaths = (
				"${PODS_PODFILE_DIR_PATH}/Podfile.lock",
				"${PODS_ROOT}/Manifest.lock",
			);
			name = "[CP] Check Pods Manifest.lock";
			outputFileListPaths = (
			);
			outputPaths = (
				"$(DERIVED_FILE_DIR)/Pods-BUDDHA4-checkManifestLockResult.txt",
			);
			runOnlyForDeploymentPostprocessing = 0;
			shellPath = /bin/sh;
			shellScript = "diff \"${PODS_PODFILE_DIR_PATH}/Podfile.lock\" \"${PODS_ROOT}/Manifest.lock\" > /dev/null\nif [ $? != 0 ] ; then\n    # print error to STDERR\n    echo \"error: The sandbox is not in sync with the Podfile.lock. Run 'pod install' or update your CocoaPods installation.\" >&2\n    exit 1\nfi\n# This output is used by Xcode 'outputs' to avoid re-running this script phase.\necho \"SUCCESS\" > \"${SCRIPT_OUTPUT_FILE_0}\"\n";
			showEnvVarsInLog = 0;
		};
/* End PBXShellScriptBuildPhase section */

/* Begin PBXSourcesBuildPhase section */
		374CF14C25AF21A200FC59D4 /* Sources */ = {
			isa = PBXSourcesBuildPhase;
			buildActionMask = 2147483647;
			files = (
				377DDFF725AF25CE00DDF324 /* AppDelegate.swift in Sources */,
				377DDFF025AF25CE00DDF324 /* MyNavigationViewController.swift in Sources */,
				377DDFF525AF25CE00DDF324 /* ChartsViewController.swift in Sources */,
				377DDFF925AF25CE00DDF324 /* Post.swift in Sources */,
				377DDFE825AF25CE00DDF324 /* AppUser.swift in Sources */,
				377DDFEC25AF25CE00DDF324 /* AccountViewController.swift in Sources */,
				377DDFED25AF25CE00DDF324 /* HelpViewController.swift in Sources */,
				377DDFFD25AF25CE00DDF324 /* CollectionViewCell.swift in Sources */,
				377DDFEF25AF25CE00DDF324 /* WayViewController.swift in Sources */,
				374CF15825AF21A200FC59D4 /* ViewController.swift in Sources */,
				377DDFE425AF25CE00DDF324 /* SeparateViewController1.swift in Sources */,
				377DDFFA25AF25CE00DDF324 /* AddViewController.swift in Sources */,
				377DDFE225AF25CE00DDF324 /* DetailViewController.swift in Sources */,
				377DDFEB25AF25CE00DDF324 /* SceneDelegate.swift in Sources */,
				377DDFF125AF25CE00DDF324 /* Choice.swift in Sources */,
				377DDFE325AF25CE00DDF324 /* MainChartsView.swift in Sources */,
				377DDFF825AF25CE00DDF324 /* ChoiceViewController.swift in Sources */,
				377DDFE525AF25CE00DDF324 /* TimelineViewController.swift in Sources */,
				377DDFE625AF25CE00DDF324 /* ChoiceCollectionViewController.swift in Sources */,
				377DDFEE25AF25CE00DDF324 /* PersonViewController.swift in Sources */,
			);
			runOnlyForDeploymentPostprocessing = 0;
		};
		374CF16225AF21A300FC59D4 /* Sources */ = {
			isa = PBXSourcesBuildPhase;
			buildActionMask = 2147483647;
			files = (
				374CF16B25AF21A300FC59D4 /* BUDDHA4Tests.swift in Sources */,
			);
			runOnlyForDeploymentPostprocessing = 0;
		};
		374CF16D25AF21A300FC59D4 /* Sources */ = {
			isa = PBXSourcesBuildPhase;
			buildActionMask = 2147483647;
			files = (
				374CF17625AF21A300FC59D4 /* BUDDHA4UITests.swift in Sources */,
			);
			runOnlyForDeploymentPostprocessing = 0;
		};
/* End PBXSourcesBuildPhase section */

/* Begin PBXTargetDependency section */
		374CF16825AF21A300FC59D4 /* PBXTargetDependency */ = {
			isa = PBXTargetDependency;
			target = 374CF14F25AF21A200FC59D4 /* BUDDHA4 */;
			targetProxy = 374CF16725AF21A300FC59D4 /* PBXContainerItemProxy */;
		};
		374CF17325AF21A300FC59D4 /* PBXTargetDependency */ = {
			isa = PBXTargetDependency;
			target = 374CF14F25AF21A200FC59D4 /* BUDDHA4 */;
			targetProxy = 374CF17225AF21A300FC59D4 /* PBXContainerItemProxy */;
		};
/* End PBXTargetDependency section */

/* Begin PBXVariantGroup section */
		374CF15925AF21A200FC59D4 /* Main.storyboard */ = {
			isa = PBXVariantGroup;
			children = (
				374CF15A25AF21A200FC59D4 /* Base */,
			);
			name = Main.storyboard;
			sourceTree = "<group>";
		};
		374CF15E25AF21A300FC59D4 /* LaunchScreen.storyboard */ = {
			isa = PBXVariantGroup;
			children = (
				374CF15F25AF21A300FC59D4 /* Base */,
			);
			name = LaunchScreen.storyboard;
			sourceTree = "<group>";
		};
/* End PBXVariantGroup section */

/* Begin XCBuildConfiguration section */
		374CF17825AF21A300FC59D4 /* Debug */ = {
			isa = XCBuildConfiguration;
			buildSettings = {
				ALWAYS_SEARCH_USER_PATHS = NO;
				CLANG_ANALYZER_NONNULL = YES;
				CLANG_ANALYZER_NUMBER_OBJECT_CONVERSION = YES_AGGRESSIVE;
				CLANG_CXX_LANGUAGE_STANDARD = "gnu++14";
				CLANG_CXX_LIBRARY = "libc++";
				CLANG_ENABLE_MODULES = YES;
				CLANG_ENABLE_OBJC_ARC = YES;
				CLANG_ENABLE_OBJC_WEAK = YES;
				CLANG_WARN_BLOCK_CAPTURE_AUTORELEASING = YES;
				CLANG_WARN_BOOL_CONVERSION = YES;
				CLANG_WARN_COMMA = YES;
				CLANG_WARN_CONSTANT_CONVERSION = YES;
				CLANG_WARN_DEPRECATED_OBJC_IMPLEMENTATIONS = YES;
				CLANG_WARN_DIRECT_OBJC_ISA_USAGE = YES_ERROR;
				CLANG_WARN_DOCUMENTATION_COMMENTS = YES;
				CLANG_WARN_EMPTY_BODY = YES;
				CLANG_WARN_ENUM_CONVERSION = YES;
				CLANG_WARN_INFINITE_RECURSION = YES;
				CLANG_WARN_INT_CONVERSION = YES;
				CLANG_WARN_NON_LITERAL_NULL_CONVERSION = YES;
				CLANG_WARN_OBJC_IMPLICIT_RETAIN_SELF = YES;
				CLANG_WARN_OBJC_LITERAL_CONVERSION = YES;
				CLANG_WARN_OBJC_ROOT_CLASS = YES_ERROR;
				CLANG_WARN_QUOTED_INCLUDE_IN_FRAMEWORK_HEADER = YES;
				CLANG_WARN_RANGE_LOOP_ANALYSIS = YES;
				CLANG_WARN_STRICT_PROTOTYPES = YES;
				CLANG_WARN_SUSPICIOUS_MOVE = YES;
				CLANG_WARN_UNGUARDED_AVAILABILITY = YES_AGGRESSIVE;
				CLANG_WARN_UNREACHABLE_CODE = YES;
				CLANG_WARN__DUPLICATE_METHOD_MATCH = YES;
				COPY_PHASE_STRIP = NO;
				DEBUG_INFORMATION_FORMAT = dwarf;
				ENABLE_STRICT_OBJC_MSGSEND = YES;
				ENABLE_TESTABILITY = YES;
				GCC_C_LANGUAGE_STANDARD = gnu11;
				GCC_DYNAMIC_NO_PIC = NO;
				GCC_NO_COMMON_BLOCKS = YES;
				GCC_OPTIMIZATION_LEVEL = 0;
				GCC_PREPROCESSOR_DEFINITIONS = (
					"DEBUG=1",
					"$(inherited)",
				);
				GCC_WARN_64_TO_32_BIT_CONVERSION = YES;
				GCC_WARN_ABOUT_RETURN_TYPE = YES_ERROR;
				GCC_WARN_UNDECLARED_SELECTOR = YES;
				GCC_WARN_UNINITIALIZED_AUTOS = YES_AGGRESSIVE;
				GCC_WARN_UNUSED_FUNCTION = YES;
				GCC_WARN_UNUSED_VARIABLE = YES;
				IPHONEOS_DEPLOYMENT_TARGET = 14.3;
				MTL_ENABLE_DEBUG_INFO = INCLUDE_SOURCE;
				MTL_FAST_MATH = YES;
				ONLY_ACTIVE_ARCH = YES;
				SDKROOT = iphoneos;
				SWIFT_ACTIVE_COMPILATION_CONDITIONS = DEBUG;
				SWIFT_OPTIMIZATION_LEVEL = "-Onone";
			};
			name = Debug;
		};
		374CF17925AF21A300FC59D4 /* Release */ = {
			isa = XCBuildConfiguration;
			buildSettings = {
				ALWAYS_SEARCH_USER_PATHS = NO;
				CLANG_ANALYZER_NONNULL = YES;
				CLANG_ANALYZER_NUMBER_OBJECT_CONVERSION = YES_AGGRESSIVE;
				CLANG_CXX_LANGUAGE_STANDARD = "gnu++14";
				CLANG_CXX_LIBRARY = "libc++";
				CLANG_ENABLE_MODULES = YES;
				CLANG_ENABLE_OBJC_ARC = YES;
				CLANG_ENABLE_OBJC_WEAK = YES;
				CLANG_WARN_BLOCK_CAPTURE_AUTORELEASING = YES;
				CLANG_WARN_BOOL_CONVERSION = YES;
				CLANG_WARN_COMMA = YES;
				CLANG_WARN_CONSTANT_CONVERSION = YES;
				CLANG_WARN_DEPRECATED_OBJC_IMPLEMENTATIONS = YES;
				CLANG_WARN_DIRECT_OBJC_ISA_USAGE = YES_ERROR;
				CLANG_WARN_DOCUMENTATION_COMMENTS = YES;
				CLANG_WARN_EMPTY_BODY = YES;
				CLANG_WARN_ENUM_CONVERSION = YES;
				CLANG_WARN_INFINITE_RECURSION = YES;
				CLANG_WARN_INT_CONVERSION = YES;
				CLANG_WARN_NON_LITERAL_NULL_CONVERSION = YES;
				CLANG_WARN_OBJC_IMPLICIT_RETAIN_SELF = YES;
				CLANG_WARN_OBJC_LITERAL_CONVERSION = YES;
				CLANG_WARN_OBJC_ROOT_CLASS = YES_ERROR;
				CLANG_WARN_QUOTED_INCLUDE_IN_FRAMEWORK_HEADER = YES;
				CLANG_WARN_RANGE_LOOP_ANALYSIS = YES;
				CLANG_WARN_STRICT_PROTOTYPES = YES;
				CLANG_WARN_SUSPICIOUS_MOVE = YES;
				CLANG_WARN_UNGUARDED_AVAILABILITY = YES_AGGRESSIVE;
				CLANG_WARN_UNREACHABLE_CODE = YES;
				CLANG_WARN__DUPLICATE_METHOD_MATCH = YES;
				COPY_PHASE_STRIP = NO;
				DEBUG_INFORMATION_FORMAT = "dwarf-with-dsym";
				ENABLE_NS_ASSERTIONS = NO;
				ENABLE_STRICT_OBJC_MSGSEND = YES;
				GCC_C_LANGUAGE_STANDARD = gnu11;
				GCC_NO_COMMON_BLOCKS = YES;
				GCC_WARN_64_TO_32_BIT_CONVERSION = YES;
				GCC_WARN_ABOUT_RETURN_TYPE = YES_ERROR;
				GCC_WARN_UNDECLARED_SELECTOR = YES;
				GCC_WARN_UNINITIALIZED_AUTOS = YES_AGGRESSIVE;
				GCC_WARN_UNUSED_FUNCTION = YES;
				GCC_WARN_UNUSED_VARIABLE = YES;
				IPHONEOS_DEPLOYMENT_TARGET = 14.3;
				MTL_ENABLE_DEBUG_INFO = NO;
				MTL_FAST_MATH = YES;
				SDKROOT = iphoneos;
				SWIFT_COMPILATION_MODE = wholemodule;
				SWIFT_OPTIMIZATION_LEVEL = "-O";
				VALIDATE_PRODUCT = YES;
			};
			name = Release;
		};
		374CF17B25AF21A300FC59D4 /* Debug */ = {
			isa = XCBuildConfiguration;
			baseConfigurationReference = 05FD703EFE2318DCA385FF7B /* Pods-BUDDHA4.debug.xcconfig */;
			buildSettings = {
				ASSETCATALOG_COMPILER_APPICON_NAME = AppIcon;
				ASSETCATALOG_COMPILER_GLOBAL_ACCENT_COLOR_NAME = AccentColor;
				CODE_SIGN_STYLE = Automatic;
				DEVELOPMENT_TEAM = 85H88YKB9T;
				INFOPLIST_FILE = BUDDHA4/Info.plist;
				LD_RUNPATH_SEARCH_PATHS = (
					"$(inherited)",
					"@executable_path/Frameworks",
				);
				PRODUCT_BUNDLE_IDENTIFIER = com.itech.BUDDHA4;
				PRODUCT_NAME = "$(TARGET_NAME)";
				SWIFT_VERSION = 5.0;
				TARGETED_DEVICE_FAMILY = "1,2";
			};
			name = Debug;
		};
		374CF17C25AF21A300FC59D4 /* Release */ = {
			isa = XCBuildConfiguration;
			baseConfigurationReference = 6750560544ABAB737DDDAC2A /* Pods-BUDDHA4.release.xcconfig */;
			buildSettings = {
				ASSETCATALOG_COMPILER_APPICON_NAME = AppIcon;
				ASSETCATALOG_COMPILER_GLOBAL_ACCENT_COLOR_NAME = AccentColor;
				CODE_SIGN_STYLE = Automatic;
				DEVELOPMENT_TEAM = 85H88YKB9T;
				INFOPLIST_FILE = BUDDHA4/Info.plist;
				LD_RUNPATH_SEARCH_PATHS = (
					"$(inherited)",
					"@executable_path/Frameworks",
				);
				PRODUCT_BUNDLE_IDENTIFIER = com.itech.BUDDHA4;
				PRODUCT_NAME = "$(TARGET_NAME)";
				SWIFT_VERSION = 5.0;
				TARGETED_DEVICE_FAMILY = "1,2";
			};
			name = Release;
		};
		374CF17E25AF21A300FC59D4 /* Debug */ = {
			isa = XCBuildConfiguration;
			buildSettings = {
				ALWAYS_EMBED_SWIFT_STANDARD_LIBRARIES = YES;
				BUNDLE_LOADER = "$(TEST_HOST)";
				CODE_SIGN_STYLE = Automatic;
				DEVELOPMENT_TEAM = 657539RL4M;
				INFOPLIST_FILE = BUDDHA4Tests/Info.plist;
				IPHONEOS_DEPLOYMENT_TARGET = 14.3;
				LD_RUNPATH_SEARCH_PATHS = (
					"$(inherited)",
					"@executable_path/Frameworks",
					"@loader_path/Frameworks",
				);
				PRODUCT_BUNDLE_IDENTIFIER = com.itech.BUDDHA4Tests;
				PRODUCT_NAME = "$(TARGET_NAME)";
				SWIFT_VERSION = 5.0;
				TARGETED_DEVICE_FAMILY = "1,2";
				TEST_HOST = "$(BUILT_PRODUCTS_DIR)/BUDDHA4.app/BUDDHA4";
			};
			name = Debug;
		};
		374CF17F25AF21A300FC59D4 /* Release */ = {
			isa = XCBuildConfiguration;
			buildSettings = {
				ALWAYS_EMBED_SWIFT_STANDARD_LIBRARIES = YES;
				BUNDLE_LOADER = "$(TEST_HOST)";
				CODE_SIGN_STYLE = Automatic;
				DEVELOPMENT_TEAM = 657539RL4M;
				INFOPLIST_FILE = BUDDHA4Tests/Info.plist;
				IPHONEOS_DEPLOYMENT_TARGET = 14.3;
				LD_RUNPATH_SEARCH_PATHS = (
					"$(inherited)",
					"@executable_path/Frameworks",
					"@loader_path/Frameworks",
				);
				PRODUCT_BUNDLE_IDENTIFIER = com.itech.BUDDHA4Tests;
				PRODUCT_NAME = "$(TARGET_NAME)";
				SWIFT_VERSION = 5.0;
				TARGETED_DEVICE_FAMILY = "1,2";
				TEST_HOST = "$(BUILT_PRODUCTS_DIR)/BUDDHA4.app/BUDDHA4";
			};
			name = Release;
		};
		374CF18125AF21A300FC59D4 /* Debug */ = {
			isa = XCBuildConfiguration;
			buildSettings = {
				ALWAYS_EMBED_SWIFT_STANDARD_LIBRARIES = YES;
				CODE_SIGN_STYLE = Automatic;
				DEVELOPMENT_TEAM = 657539RL4M;
				INFOPLIST_FILE = BUDDHA4UITests/Info.plist;
				LD_RUNPATH_SEARCH_PATHS = (
					"$(inherited)",
					"@executable_path/Frameworks",
					"@loader_path/Frameworks",
				);
				PRODUCT_BUNDLE_IDENTIFIER = com.itech.BUDDHA4UITests;
				PRODUCT_NAME = "$(TARGET_NAME)";
				SWIFT_VERSION = 5.0;
				TARGETED_DEVICE_FAMILY = "1,2";
				TEST_TARGET_NAME = BUDDHA4;
			};
			name = Debug;
		};
		374CF18225AF21A300FC59D4 /* Release */ = {
			isa = XCBuildConfiguration;
			buildSettings = {
				ALWAYS_EMBED_SWIFT_STANDARD_LIBRARIES = YES;
				CODE_SIGN_STYLE = Automatic;
				DEVELOPMENT_TEAM = 657539RL4M;
				INFOPLIST_FILE = BUDDHA4UITests/Info.plist;
				LD_RUNPATH_SEARCH_PATHS = (
					"$(inherited)",
					"@executable_path/Frameworks",
					"@loader_path/Frameworks",
				);
				PRODUCT_BUNDLE_IDENTIFIER = com.itech.BUDDHA4UITests;
				PRODUCT_NAME = "$(TARGET_NAME)";
				SWIFT_VERSION = 5.0;
				TARGETED_DEVICE_FAMILY = "1,2";
				TEST_TARGET_NAME = BUDDHA4;
			};
			name = Release;
		};
/* End XCBuildConfiguration section */

/* Begin XCConfigurationList section */
		374CF14B25AF21A100FC59D4 /* Build configuration list for PBXProject "BUDDHA4" */ = {
			isa = XCConfigurationList;
			buildConfigurations = (
				374CF17825AF21A300FC59D4 /* Debug */,
				374CF17925AF21A300FC59D4 /* Release */,
			);
			defaultConfigurationIsVisible = 0;
			defaultConfigurationName = Release;
		};
		374CF17A25AF21A300FC59D4 /* Build configuration list for PBXNativeTarget "BUDDHA4" */ = {
			isa = XCConfigurationList;
			buildConfigurations = (
				374CF17B25AF21A300FC59D4 /* Debug */,
				374CF17C25AF21A300FC59D4 /* Release */,
			);
			defaultConfigurationIsVisible = 0;
			defaultConfigurationName = Release;
		};
		374CF17D25AF21A300FC59D4 /* Build configuration list for PBXNativeTarget "BUDDHA4Tests" */ = {
			isa = XCConfigurationList;
			buildConfigurations = (
				374CF17E25AF21A300FC59D4 /* Debug */,
				374CF17F25AF21A300FC59D4 /* Release */,
			);
			defaultConfigurationIsVisible = 0;
			defaultConfigurationName = Release;
		};
		374CF18025AF21A300FC59D4 /* Build configuration list for PBXNativeTarget "BUDDHA4UITests" */ = {
			isa = XCConfigurationList;
			buildConfigurations = (
				374CF18125AF21A300FC59D4 /* Debug */,
				374CF18225AF21A300FC59D4 /* Release */,
			);
			defaultConfigurationIsVisible = 0;
			defaultConfigurationName = Release;
		};
/* End XCConfigurationList section */
	};
	rootObject = 374CF14825AF21A100FC59D4 /* Project object */;
}
